// !$*UTF8*$!
{
	archiveVersion = 1;
	classes = {
	};
	objectVersion = 46;
	objects = {

/* Begin PBXBuildFile section */
		464B2CE21AEE20A800E6F0F6 /* main.m in Sources */ = {isa = PBXBuildFile; fileRef = 464B2CE11AEE20A800E6F0F6 /* main.m */; };
		464B2CE51AEE20A800E6F0F6 /* AppDelegate.m in Sources */ = {isa = PBXBuildFile; fileRef = 464B2CE41AEE20A800E6F0F6 /* AppDelegate.m */; };
		464B2CE81AEE20A800E6F0F6 /* ViewController.m in Sources */ = {isa = PBXBuildFile; fileRef = 464B2CE71AEE20A800E6F0F6 /* ViewController.m */; };
		464B2CEB1AEE20A800E6F0F6 /* Main.storyboard in Resources */ = {isa = PBXBuildFile; fileRef = 464B2CE91AEE20A800E6F0F6 /* Main.storyboard */; };
		464B2CED1AEE20A800E6F0F6 /* Images.xcassets in Resources */ = {isa = PBXBuildFile; fileRef = 464B2CEC1AEE20A800E6F0F6 /* Images.xcassets */; };
		464B2CF01AEE20A800E6F0F6 /* LaunchScreen.xib in Resources */ = {isa = PBXBuildFile; fileRef = 464B2CEE1AEE20A800E6F0F6 /* LaunchScreen.xib */; };
		464B2CFC1AEE20A800E6F0F6 /* EZ_CameraTests.m in Sources */ = {isa = PBXBuildFile; fileRef = 464B2CFB1AEE20A800E6F0F6 /* EZ_CameraTests.m */; };
		46BCBB4D1AEE21FE003534E8 /* SecondViewController.m in Sources */ = {isa = PBXBuildFile; fileRef = 46BCBB4C1AEE21FE003534E8 /* SecondViewController.m */; };
		46BCBB501AEE221E003534E8 /* Multimedia_047.png in Resources */ = {isa = PBXBuildFile; fileRef = 46BCBB4E1AEE221E003534E8 /* Multimedia_047.png */; };
		46BCBB511AEE221E003534E8 /* Multimedia_072.png in Resources */ = {isa = PBXBuildFile; fileRef = 46BCBB4F1AEE221E003534E8 /* Multimedia_072.png */; };
/* End PBXBuildFile section */

/* Begin PBXContainerItemProxy section */
		464B2CF61AEE20A800E6F0F6 /* PBXContainerItemProxy */ = {
			isa = PBXContainerItemProxy;
			containerPortal = 464B2CD41AEE20A700E6F0F6 /* Project object */;
			proxyType = 1;
			remoteGlobalIDString = 464B2CDB1AEE20A800E6F0F6;
			remoteInfo = "EZ Camera";
		};
/* End PBXContainerItemProxy section */

/* Begin PBXFileReference section */
		464B2CDC1AEE20A800E6F0F6 /* EZ Camera.app */ = {isa = PBXFileReference; explicitFileType = wrapper.application; includeInIndex = 0; path = "EZ Camera.app"; sourceTree = BUILT_PRODUCTS_DIR; };
		464B2CE01AEE20A800E6F0F6 /* Info.plist */ = {isa = PBXFileReference; lastKnownFileType = text.plist.xml; path = Info.plist; sourceTree = "<group>"; };
		464B2CE11AEE20A800E6F0F6 /* main.m */ = {isa = PBXFileReference; lastKnownFileType = sourcecode.c.objc; path = main.m; sourceTree = "<group>"; };
		464B2CE31AEE20A800E6F0F6 /* AppDelegate.h */ = {isa = PBXFileReference; lastKnownFileType = sourcecode.c.h; path = AppDelegate.h; sourceTree = "<group>"; };
		464B2CE41AEE20A800E6F0F6 /* AppDelegate.m */ = {isa = PBXFileReference; lastKnownFileType = sourcecode.c.objc; path = AppDelegate.m; sourceTree = "<group>"; };
		464B2CE61AEE20A800E6F0F6 /* ViewController.h */ = {isa = PBXFileReference; lastKnownFileType = sourcecode.c.h; path = ViewController.h; sourceTree = "<group>"; };
		464B2CE71AEE20A800E6F0F6 /* ViewController.m */ = {isa = PBXFileReference; lastKnownFileType = sourcecode.c.objc; path = ViewController.m; sourceTree = "<group>"; };
		464B2CEA1AEE20A800E6F0F6 /* Base */ = {isa = PBXFileReference; lastKnownFileType = file.storyboard; name = Base; path = Base.lproj/Main.storyboard; sourceTree = "<group>"; };
		464B2CEC1AEE20A800E6F0F6 /* Images.xcassets */ = {isa = PBXFileReference; lastKnownFileType = folder.assetcatalog; path = Images.xcassets; sourceTree = "<group>"; };
		464B2CEF1AEE20A800E6F0F6 /* Base */ = {isa = PBXFileReference; lastKnownFileType = file.xib; name = Base; path = Base.lproj/LaunchScreen.xib; sourceTree = "<group>"; };
		464B2CF51AEE20A800E6F0F6 /* EZ CameraTests.xctest */ = {isa = PBXFileReference; explicitFileType = wrapper.cfbundle; includeInIndex = 0; path = "EZ CameraTests.xctest"; sourceTree = BUILT_PRODUCTS_DIR; };
		464B2CFA1AEE20A800E6F0F6 /* Info.plist */ = {isa = PBXFileReference; lastKnownFileType = text.plist.xml; path = Info.plist; sourceTree = "<group>"; };
		464B2CFB1AEE20A800E6F0F6 /* EZ_CameraTests.m */ = {isa = PBXFileReference; lastKnownFileType = sourcecode.c.objc; path = EZ_CameraTests.m; sourceTree = "<group>"; };
		46BCBB4B1AEE21FE003534E8 /* SecondViewController.h */ = {isa = PBXFileReference; fileEncoding = 4; lastKnownFileType = sourcecode.c.h; path = SecondViewController.h; sourceTree = "<group>"; };
		46BCBB4C1AEE21FE003534E8 /* SecondViewController.m */ = {isa = PBXFileReference; fileEncoding = 4; lastKnownFileType = sourcecode.c.objc; path = SecondViewController.m; sourceTree = "<group>"; };
		46BCBB4E1AEE221E003534E8 /* Multimedia_047.png */ = {isa = PBXFileReference; lastKnownFileType = image.png; path = Multimedia_047.png; sourceTree = "<group>"; };
		46BCBB4F1AEE221E003534E8 /* Multimedia_072.png */ = {isa = PBXFileReference; lastKnownFileType = image.png; path = Multimedia_072.png; sourceTree = "<group>"; };
/* End PBXFileReference section */

/* Begin PBXFrameworksBuildPhase section */
		464B2CD91AEE20A800E6F0F6 /* Frameworks */ = {
			isa = PBXFrameworksBuildPhase;
			buildActionMask = 2147483647;
			files = (
			);
			runOnlyForDeploymentPostprocessing = 0;
		};
		464B2CF21AEE20A800E6F0F6 /* Frameworks */ = {
			isa = PBXFrameworksBuildPhase;
			buildActionMask = 2147483647;
			files = (
			);
			runOnlyForDeploymentPostprocessing = 0;
		};
/* End PBXFrameworksBuildPhase section */

/* Begin PBXGroup section */
		464B2CD31AEE20A700E6F0F6 = {
			isa = PBXGroup;
			children = (
				464B2CDE1AEE20A800E6F0F6 /* EZ Camera */,
				464B2CF81AEE20A800E6F0F6 /* EZ CameraTests */,
				464B2CDD1AEE20A800E6F0F6 /* Products */,
			);
			sourceTree = "<group>";
		};
		464B2CDD1AEE20A800E6F0F6 /* Products */ = {
			isa = PBXGroup;
			children = (
				464B2CDC1AEE20A800E6F0F6 /* EZ Camera.app */,
				464B2CF51AEE20A800E6F0F6 /* EZ CameraTests.xctest */,
			);
			name = Products;
			sourceTree = "<group>";
		};
		464B2CDE1AEE20A800E6F0F6 /* EZ Camera */ = {
			isa = PBXGroup;
			children = (
				464B2CE31AEE20A800E6F0F6 /* AppDelegate.h */,
				464B2CE41AEE20A800E6F0F6 /* AppDelegate.m */,
				464B2CE61AEE20A800E6F0F6 /* ViewController.h */,
				464B2CE71AEE20A800E6F0F6 /* ViewController.m */,
				46BCBB4B1AEE21FE003534E8 /* SecondViewController.h */,
				46BCBB4C1AEE21FE003534E8 /* SecondViewController.m */,
				464B2CE91AEE20A800E6F0F6 /* Main.storyboard */,
				464B2CEC1AEE20A800E6F0F6 /* Images.xcassets */,
				464B2CEE1AEE20A800E6F0F6 /* LaunchScreen.xib */,
				464B2CDF1AEE20A800E6F0F6 /* Supporting Files */,
			);
			path = "EZ Camera";
			sourceTree = "<group>";
		};
		464B2CDF1AEE20A800E6F0F6 /* Supporting Files */ = {
			isa = PBXGroup;
			children = (
				46BCBB4E1AEE221E003534E8 /* Multimedia_047.png */,
				46BCBB4F1AEE221E003534E8 /* Multimedia_072.png */,
				464B2CE01AEE20A800E6F0F6 /* Info.plist */,
				464B2CE11AEE20A800E6F0F6 /* main.m */,
			);
			name = "Supporting Files";
			sourceTree = "<group>";
		};
		464B2CF81AEE20A800E6F0F6 /* EZ CameraTests */ = {
			isa = PBXGroup;
			children = (
				464B2CFB1AEE20A800E6F0F6 /* EZ_CameraTests.m */,
				464B2CF91AEE20A800E6F0F6 /* Supporting Files */,
			);
			path = "EZ CameraTests";
			sourceTree = "<group>";
		};
		464B2CF91AEE20A800E6F0F6 /* Supporting Files */ = {
			isa = PBXGroup;
			children = (
				464B2CFA1AEE20A800E6F0F6 /* Info.plist */,
			);
			name = "Supporting Files";
			sourceTree = "<group>";
		};
/* End PBXGroup section */

/* Begin PBXNativeTarget section */
		464B2CDB1AEE20A800E6F0F6 /* EZ Camera */ = {
			isa = PBXNativeTarget;
			buildConfigurationList = 464B2CFF1AEE20A800E6F0F6 /* Build configuration list for PBXNativeTarget "EZ Camera" */;
			buildPhases = (
				464B2CD81AEE20A800E6F0F6 /* Sources */,
				464B2CD91AEE20A800E6F0F6 /* Frameworks */,
				464B2CDA1AEE20A800E6F0F6 /* Resources */,
			);
			buildRules = (
			);
			dependencies = (
			);
			name = "EZ Camera";
			productName = "EZ Camera";
			productReference = 464B2CDC1AEE20A800E6F0F6 /* EZ Camera.app */;
			productType = "com.apple.product-type.application";
		};
		464B2CF41AEE20A800E6F0F6 /* EZ CameraTests */ = {
			isa = PBXNativeTarget;
			buildConfigurationList = 464B2D021AEE20A800E6F0F6 /* Build configuration list for PBXNativeTarget "EZ CameraTests" */;
			buildPhases = (
				464B2CF11AEE20A800E6F0F6 /* Sources */,
				464B2CF21AEE20A800E6F0F6 /* Frameworks */,
				464B2CF31AEE20A800E6F0F6 /* Resources */,
			);
			buildRules = (
			);
			dependencies = (
				464B2CF71AEE20A800E6F0F6 /* PBXTargetDependency */,
			);
			name = "EZ CameraTests";
			productName = "EZ CameraTests";
			productReference = 464B2CF51AEE20A800E6F0F6 /* EZ CameraTests.xctest */;
			productType = "com.apple.product-type.bundle.unit-test";
		};
/* End PBXNativeTarget section */

/* Begin PBXProject section */
		464B2CD41AEE20A700E6F0F6 /* Project object */ = {
			isa = PBXProject;
			attributes = {
				LastUpgradeCheck = 0630;
				ORGANIZATIONNAME = "Wenhan&Xiaozheng";
				TargetAttributes = {
					464B2CDB1AEE20A800E6F0F6 = {
						CreatedOnToolsVersion = 6.3.1;
					};
					464B2CF41AEE20A800E6F0F6 = {
						CreatedOnToolsVersion = 6.3.1;
						TestTargetID = 464B2CDB1AEE20A800E6F0F6;
					};
				};
			};
			buildConfigurationList = 464B2CD71AEE20A700E6F0F6 /* Build configuration list for PBXProject "EZ Camera" */;
			compatibilityVersion = "Xcode 3.2";
			developmentRegion = English;
			hasScannedForEncodings = 0;
			knownRegions = (
				en,
				Base,
			);
			mainGroup = 464B2CD31AEE20A700E6F0F6;
			productRefGroup = 464B2CDD1AEE20A800E6F0F6 /* Products */;
			projectDirPath = "";
			projectRoot = "";
			targets = (
				464B2CDB1AEE20A800E6F0F6 /* EZ Camera */,
				464B2CF41AEE20A800E6F0F6 /* EZ CameraTests */,
			);
		};
/* End PBXProject section */

/* Begin PBXResourcesBuildPhase section */
		464B2CDA1AEE20A800E6F0F6 /* Resources */ = {
			isa = PBXResourcesBuildPhase;
			buildActionMask = 2147483647;
			files = (
				464B2CEB1AEE20A800E6F0F6 /* Main.storyboard in Resources */,
				464B2CF01AEE20A800E6F0F6 /* LaunchScreen.xib in Resources */,
				46BCBB511AEE221E003534E8 /* Multimedia_072.png in Resources */,
				46BCBB501AEE221E003534E8 /* Multimedia_047.png in Resources */,
				464B2CED1AEE20A800E6F0F6 /* Images.xcassets in Resources */,
			);
			runOnlyForDeploymentPostprocessing = 0;
		};
		464B2CF31AEE20A800E6F0F6 /* Resources */ = {
			isa = PBXResourcesBuildPhase;
			buildActionMask = 2147483647;
			files = (
			);
			runOnlyForDeploymentPostprocessing = 0;
		};
/* End PBXResourcesBuildPhase section */

/* Begin PBXSourcesBuildPhase section */
		464B2CD81AEE20A800E6F0F6 /* Sources */ = {
			isa = PBXSourcesBuildPhase;
			buildActionMask = 2147483647;
			files = (
				46BCBB4D1AEE21FE003534E8 /* SecondViewController.m in Sources */,
				464B2CE81AEE20A800E6F0F6 /* ViewController.m in Sources */,
				464B2CE51AEE20A800E6F0F6 /* AppDelegate.m in Sources */,
				464B2CE21AEE20A800E6F0F6 /* main.m in Sources */,
			);
			runOnlyForDeploymentPostprocessing = 0;
		};
		464B2CF11AEE20A800E6F0F6 /* Sources */ = {
			isa = PBXSourcesBuildPhase;
			buildActionMask = 2147483647;
			files = (
				464B2CFC1AEE20A800E6F0F6 /* EZ_CameraTests.m in Sources */,
			);
			runOnlyForDeploymentPostprocessing = 0;
		};
/* End PBXSourcesBuildPhase section */

/* Begin PBXTargetDependency section */
		464B2CF71AEE20A800E6F0F6 /* PBXTargetDependency */ = {
			isa = PBXTargetDependency;
			target = 464B2CDB1AEE20A800E6F0F6 /* EZ Camera */;
			targetProxy = 464B2CF61AEE20A800E6F0F6 /* PBXContainerItemProxy */;
		};
/* End PBXTargetDependency section */

/* Begin PBXVariantGroup section */
		464B2CE91AEE20A800E6F0F6 /* Main.storyboard */ = {
			isa = PBXVariantGroup;
			children = (
				464B2CEA1AEE20A800E6F0F6 /* Base */,
			);
			name = Main.storyboard;
			sourceTree = "<group>";
		};
		464B2CEE1AEE20A800E6F0F6 /* LaunchScreen.xib */ = {
			isa = PBXVariantGroup;
			children = (
				464B2CEF1AEE20A800E6F0F6 /* Base */,
			);
			name = LaunchScreen.xib;
			sourceTree = "<group>";
		};
/* End PBXVariantGroup section */

/* Begin XCBuildConfiguration section */
		464B2CFD1AEE20A800E6F0F6 /* Debug */ = {
			isa = XCBuildConfiguration;
			buildSettings = {
				ALWAYS_SEARCH_USER_PATHS = NO;
				CLANG_CXX_LANGUAGE_STANDARD = "gnu++0x";
				CLANG_CXX_LIBRARY = "libc++";
				CLANG_ENABLE_MODULES = YES;
				CLANG_ENABLE_OBJC_ARC = YES;
				CLANG_WARN_BOOL_CONVERSION = YES;
				CLANG_WARN_CONSTANT_CONVERSION = YES;
				CLANG_WARN_DIRECT_OBJC_ISA_USAGE = YES_ERROR;
				CLANG_WARN_EMPTY_BODY = YES;
				CLANG_WARN_ENUM_CONVERSION = YES;
				CLANG_WARN_INT_CONVERSION = YES;
				CLANG_WARN_OBJC_ROOT_CLASS = YES_ERROR;
				CLANG_WARN_UNREACHABLE_CODE = YES;
				CLANG_WARN__DUPLICATE_METHOD_MATCH = YES;
				"CODE_SIGN_IDENTITY[sdk=iphoneos*]" = "iPhone Developer";
				COPY_PHASE_STRIP = NO;
				DEBUG_INFORMATION_FORMAT = "dwarf-with-dsym";
				ENABLE_STRICT_OBJC_MSGSEND = YES;
				GCC_C_LANGUAGE_STANDARD = gnu99;
				GCC_DYNAMIC_NO_PIC = NO;
				GCC_NO_COMMON_BLOCKS = YES;
				GCC_OPTIMIZATION_LEVEL = 0;
				GCC_PREPROCESSOR_DEFINITIONS = (
					"DEBUG=1",
					"$(inherited)",
				);
				GCC_SYMBOLS_PRIVATE_EXTERN = NO;
				GCC_WARN_64_TO_32_BIT_CONVERSION = YES;
				GCC_WARN_ABOUT_RETURN_TYPE = YES_ERROR;
				GCC_WARN_UNDECLARED_SELECTOR = YES;
				GCC_WARN_UNINITIALIZED_AUTOS = YES_AGGRESSIVE;
				GCC_WARN_UNUSED_FUNCTION = YES;
				GCC_WARN_UNUSED_VARIABLE = YES;
				IPHONEOS_DEPLOYMENT_TARGET = 8.3;
				MTL_ENABLE_DEBUG_INFO = YES;
				ONLY_ACTIVE_ARCH = YES;
				SDKROOT = iphoneos;
			};
			name = Debug;
		};
		464B2CFE1AEE20A800E6F0F6 /* Release */ = {
			isa = XCBuildConfiguration;
			buildSettings = {
				ALWAYS_SEARCH_USER_PATHS = NO;
				CLANG_CXX_LANGUAGE_STANDARD = "gnu++0x";
				CLANG_CXX_LIBRARY = "libc++";
				CLANG_ENABLE_MODULES = YES;
				CLANG_ENABLE_OBJC_ARC = YES;
				CLANG_WARN_BOOL_CONVERSION = YES;
				CLANG_WARN_CONSTANT_CONVERSION = YES;
				CLANG_WARN_DIRECT_OBJC_ISA_USAGE = YES_ERROR;
				CLANG_WARN_EMPTY_BODY = YES;
				CLANG_WARN_ENUM_CONVERSION = YES;
				CLANG_WARN_INT_CONVERSION = YES;
				CLANG_WARN_OBJC_ROOT_CLASS = YES_ERROR;
				CLANG_WARN_UNREACHABLE_CODE = YES;
				CLANG_WARN__DUPLICATE_METHOD_MATCH = YES;
				"CODE_SIGN_IDENTITY[sdk=iphoneos*]" = "iPhone Developer";
				COPY_PHASE_STRIP = NO;
				DEBUG_INFORMATION_FORMAT = "dwarf-with-dsym";
				ENABLE_NS_ASSERTIONS = NO;
				ENABLE_STRICT_OBJC_MSGSEND = YES;
				GCC_C_LANGUAGE_STANDARD = gnu99;
				GCC_NO_COMMON_BLOCKS = YES;
				GCC_WARN_64_TO_32_BIT_CONVERSION = YES;
				GCC_WARN_ABOUT_RETURN_TYPE = YES_ERROR;
				GCC_WARN_UNDECLARED_SELECTOR = YES;
				GCC_WARN_UNINITIALIZED_AUTOS = YES_AGGRESSIVE;
				GCC_WARN_UNUSED_FUNCTION = YES;
				GCC_WARN_UNUSED_VARIABLE = YES;
				IPHONEOS_DEPLOYMENT_TARGET = 8.3;
				MTL_ENABLE_DEBUG_INFO = NO;
				SDKROOT = iphoneos;
				VALIDATE_PRODUCT = YES;
			};
			name = Release;
		};
		464B2D001AEE20A800E6F0F6 /* Debug */ = {
			isa = XCBuildConfiguration;
			buildSettings = {
				ASSETCATALOG_COMPILER_APPICON_NAME = AppIcon;
				INFOPLIST_FILE = "EZ Camera/Info.plist";
				LD_RUNPATH_SEARCH_PATHS = "$(inherited) @executable_path/Frameworks";
				PRODUCT_NAME = "$(TARGET_NAME)";
			};
			name = Debug;
		};
		464B2D011AEE20A800E6F0F6 /* Release */ = {
			isa = XCBuildConfiguration;
			buildSettings = {
				ASSETCATALOG_COMPILER_APPICON_NAME = AppIcon;
				INFOPLIST_FILE = "EZ Camera/Info.plist";
				LD_RUNPATH_SEARCH_PATHS = "$(inherited) @executable_path/Frameworks";
				PRODUCT_NAME = "$(TARGET_NAME)";
			};
			name = Release;
		};
		464B2D031AEE20A800E6F0F6 /* Debug */ = {
			isa = XCBuildConfiguration;
			buildSettings = {
				BUNDLE_LOADER = "$(TEST_HOST)";
				FRAMEWORK_SEARCH_PATHS = (
					"$(SDKROOT)/Developer/Library/Frameworks",
					"$(inherited)",
				);
				GCC_PREPROCESSOR_DEFINITIONS = (
					"DEBUG=1",
					"$(inherited)",
				);
				INFOPLIST_FILE = "EZ CameraTests/Info.plist";
				LD_RUNPATH_SEARCH_PATHS = "$(inherited) @executable_path/Frameworks @loader_path/Frameworks";
				PRODUCT_NAME = "$(TARGET_NAME)";
				TEST_HOST = "$(BUILT_PRODUCTS_DIR)/EZ Camera.app/EZ Camera";
			};
			name = Debug;
		};
		464B2D041AEE20A800E6F0F6 /* Release */ = {
			isa = XCBuildConfiguration;
			buildSettings = {
				BUNDLE_LOADER = "$(TEST_HOST)";
				FRAMEWORK_SEARCH_PATHS = (
					"$(SDKROOT)/Developer/Library/Frameworks",
					"$(inherited)",
				);
				INFOPLIST_FILE = "EZ CameraTests/Info.plist";
				LD_RUNPATH_SEARCH_PATHS = "$(inherited) @executable_path/Frameworks @loader_path/Frameworks";
				PRODUCT_NAME = "$(TARGET_NAME)";
				TEST_HOST = "$(BUILT_PRODUCTS_DIR)/EZ Camera.app/EZ Camera";
			};
			name = Release;
		};
/* End XCBuildConfiguration section */

/* Begin XCConfigurationList section */
		464B2CD71AEE20A700E6F0F6 /* Build configuration list for PBXProject "EZ Camera" */ = {
			isa = XCConfigurationList;
			buildConfigurations = (
				464B2CFD1AEE20A800E6F0F6 /* Debug */,
				464B2CFE1AEE20A800E6F0F6 /* Release */,
			);
			defaultConfigurationIsVisible = 0;
			defaultConfigurationName = Release;
		};
		464B2CFF1AEE20A800E6F0F6 /* Build configuration list for PBXNativeTarget "EZ Camera" */ = {
			isa = XCConfigurationList;
			buildConfigurations = (
				464B2D001AEE20A800E6F0F6 /* Debug */,
				464B2D011AEE20A800E6F0F6 /* Release */,
			);
			defaultConfigurationIsVisible = 0;
			defaultConfigurationName = Release;
		};
		464B2D021AEE20A800E6F0F6 /* Build configuration list for PBXNativeTarget "EZ CameraTests" */ = {
			isa = XCConfigurationList;
			buildConfigurations = (
				464B2D031AEE20A800E6F0F6 /* Debug */,
				464B2D041AEE20A800E6F0F6 /* Release */,
			);
			defaultConfigurationIsVisible = 0;
			defaultConfigurationName = Release;
		};
/* End XCConfigurationList section */
	};
	rootObject = 464B2CD41AEE20A700E6F0F6 /* Project object */;
}
